
Microsoft Visual Studio Solution File, Format Version 12.00
# Visual Studio 2013
VisualStudioVersion = 12.0.31101.0
MinimumVisualStudioVersion = 10.0.40219.1
Project("{FAE04EC0-301F-11D3-BF4B-00C04F79EFBC}") = "Core", "Core\Core.csproj", "{B8CF252F-2FBC-4D35-90A9-C0ADF2B0B9E0}"
EndProject
Project("{FAE04EC0-301F-11D3-BF4B-00C04F79EFBC}") = "Authenticator", "Authenticator\Authenticator.csproj", "{031FDC5B-A885-4FD2-B9D8-F086DFFAE632}"
EndProject
Project("{FAE04EC0-301F-11D3-BF4B-00C04F79EFBC}") = "Launcher", "Launcher\Launcher.csproj", "{777E4130-60E0-4267-891C-2B9FD0BDC754}"
EndProject
Project("{2150E333-8FDC-42A3-9474-1A3956D46DE8}") = "Solution Items", "Solution Items", "{C27DF27A-1B5E-48C2-8CE6-D10F0EA61E2B}"
	ProjectSection(SolutionItems) = preProject
		.gitattributes = .gitattributes
		.gitignore = .gitignore
		LICENSE.md = LICENSE.md
		README.md = README.md
		Settings.StyleCop = Settings.StyleCop
		TODO.md = TODO.md
	EndProjectSection
EndProject
Project("{FAE04EC0-301F-11D3-BF4B-00C04F79EFBC}") = "CoreTest", "CoreTest\CoreTest.csproj", "{BBBCA3E5-31A9-48E8-A501-5DFD00B62F45}"
EndProject
Project("{FAE04EC0-301F-11D3-BF4B-00C04F79EFBC}") = "Overmind", "Overmind\Overmind.csproj", "{E566004A-2F53-4541-A336-BCA5B05D63FB}"
EndProject
Project("{FAE04EC0-301F-11D3-BF4B-00C04F79EFBC}") = "Manager", "Manager\Manager.csproj", "{38B0390A-4936-43A0-A2E4-08E404182055}"
EndProject
Project("{FAE04EC0-301F-11D3-BF4B-00C04F79EFBC}") = "Chat", "Chat\Chat.csproj", "{CD87D3EF-BD14-41E2-A909-D90405E9F636}"
EndProject
Project("{FAE04EC0-301F-11D3-BF4B-00C04F79EFBC}") = "WindowsUtil", "WindowsUtil\WindowsUtil.csproj", "{90BDF00A-9C80-4716-A4F9-888718E550B6}"
EndProject
Project("{2150E333-8FDC-42A3-9474-1A3956D46DE8}") = "Documentation", "Documentation", "{5DB7E72E-60F3-43C1-BA1C-953DB136BF90}"
EndProject
Project("{FAE04EC0-301F-11D3-BF4B-00C04F79EFBC}") = "DAL", "DAL\DAL.csproj", "{372EF1A2-DF2C-4140-A006-C5DFC8926838}"
EndProject
Project("{FAE04EC0-301F-11D3-BF4B-00C04F79EFBC}") = "PasswordGen", "PasswordGen\PasswordGen.csproj", "{7AB31767-D5DC-4FAD-98F3-42632B4049B8}"
EndProject
Project("{00D1A9C2-B5F0-4AF3-8072-F6C62B433612}") = "AccountsDatabase", "AccountsDatabase\AccountsDatabase.sqlproj", "{97B94EFC-3AF4-4BF5-A780-D4C356EA4EAF}"
EndProject
Project("{00D1A9C2-B5F0-4AF3-8072-F6C62B433612}") = "EventsDatabase", "EventsDatabase\EventsDatabase.sqlproj", "{4624973E-4B1A-440C-B544-715B1D94FCA6}"
EndProject
Project("{FAE04EC0-301F-11D3-BF4B-00C04F79EFBC}") = "DALTest", "DALTest\DALTest.csproj", "{697F0DD1-554C-44E5-8A38-ADDF7804ED13}"
EndProject
Project("{FAE04EC0-301F-11D3-BF4B-00C04F79EFBC}") = "Backend", "Backend\Backend.csproj", "{6C631FCF-23CC-4BD0-9245-3E2080421F62}"
EndProject
Global
	GlobalSection(SolutionConfigurationPlatforms) = preSolution
		Debug|Any CPU = Debug|Any CPU
		Release|Any CPU = Release|Any CPU
	EndGlobalSection
	GlobalSection(ProjectConfigurationPlatforms) = postSolution
		{B8CF252F-2FBC-4D35-90A9-C0ADF2B0B9E0}.Debug|Any CPU.ActiveCfg = Debug|Any CPU
		{B8CF252F-2FBC-4D35-90A9-C0ADF2B0B9E0}.Debug|Any CPU.Build.0 = Debug|Any CPU
		{B8CF252F-2FBC-4D35-90A9-C0ADF2B0B9E0}.Release|Any CPU.ActiveCfg = Release|Any CPU
		{B8CF252F-2FBC-4D35-90A9-C0ADF2B0B9E0}.Release|Any CPU.Build.0 = Release|Any CPU
		{031FDC5B-A885-4FD2-B9D8-F086DFFAE632}.Debug|Any CPU.ActiveCfg = Debug|Any CPU
		{031FDC5B-A885-4FD2-B9D8-F086DFFAE632}.Debug|Any CPU.Build.0 = Debug|Any CPU
		{031FDC5B-A885-4FD2-B9D8-F086DFFAE632}.Release|Any CPU.ActiveCfg = Release|Any CPU
		{031FDC5B-A885-4FD2-B9D8-F086DFFAE632}.Release|Any CPU.Build.0 = Release|Any CPU
		{777E4130-60E0-4267-891C-2B9FD0BDC754}.Debug|Any CPU.ActiveCfg = Debug|Any CPU
		{777E4130-60E0-4267-891C-2B9FD0BDC754}.Debug|Any CPU.Build.0 = Debug|Any CPU
		{777E4130-60E0-4267-891C-2B9FD0BDC754}.Release|Any CPU.ActiveCfg = Release|Any CPU
		{777E4130-60E0-4267-891C-2B9FD0BDC754}.Release|Any CPU.Build.0 = Release|Any CPU
		{BBBCA3E5-31A9-48E8-A501-5DFD00B62F45}.Debug|Any CPU.ActiveCfg = Debug|Any CPU
		{BBBCA3E5-31A9-48E8-A501-5DFD00B62F45}.Debug|Any CPU.Build.0 = Debug|Any CPU
		{BBBCA3E5-31A9-48E8-A501-5DFD00B62F45}.Release|Any CPU.ActiveCfg = Release|Any CPU
		{BBBCA3E5-31A9-48E8-A501-5DFD00B62F45}.Release|Any CPU.Build.0 = Release|Any CPU
		{E566004A-2F53-4541-A336-BCA5B05D63FB}.Debug|Any CPU.ActiveCfg = Debug|Any CPU
		{E566004A-2F53-4541-A336-BCA5B05D63FB}.Debug|Any CPU.Build.0 = Debug|Any CPU
		{E566004A-2F53-4541-A336-BCA5B05D63FB}.Release|Any CPU.ActiveCfg = Release|Any CPU
		{E566004A-2F53-4541-A336-BCA5B05D63FB}.Release|Any CPU.Build.0 = Release|Any CPU
		{38B0390A-4936-43A0-A2E4-08E404182055}.Debug|Any CPU.ActiveCfg = Debug|Any CPU
		{38B0390A-4936-43A0-A2E4-08E404182055}.Debug|Any CPU.Build.0 = Debug|Any CPU
		{38B0390A-4936-43A0-A2E4-08E404182055}.Release|Any CPU.ActiveCfg = Release|Any CPU
		{38B0390A-4936-43A0-A2E4-08E404182055}.Release|Any CPU.Build.0 = Release|Any CPU
		{CD87D3EF-BD14-41E2-A909-D90405E9F636}.Debug|Any CPU.ActiveCfg = Debug|Any CPU
		{CD87D3EF-BD14-41E2-A909-D90405E9F636}.Debug|Any CPU.Build.0 = Debug|Any CPU
		{CD87D3EF-BD14-41E2-A909-D90405E9F636}.Release|Any CPU.ActiveCfg = Release|Any CPU
		{CD87D3EF-BD14-41E2-A909-D90405E9F636}.Release|Any CPU.Build.0 = Release|Any CPU
		{90BDF00A-9C80-4716-A4F9-888718E550B6}.Debug|Any CPU.ActiveCfg = Debug|Any CPU
		{90BDF00A-9C80-4716-A4F9-888718E550B6}.Debug|Any CPU.Build.0 = Debug|Any CPU
		{90BDF00A-9C80-4716-A4F9-888718E550B6}.Release|Any CPU.ActiveCfg = Release|Any CPU
		{90BDF00A-9C80-4716-A4F9-888718E550B6}.Release|Any CPU.Build.0 = Release|Any CPU
		{372EF1A2-DF2C-4140-A006-C5DFC8926838}.Debug|Any CPU.ActiveCfg = Debug|Any CPU
		{372EF1A2-DF2C-4140-A006-C5DFC8926838}.Debug|Any CPU.Build.0 = Debug|Any CPU
		{372EF1A2-DF2C-4140-A006-C5DFC8926838}.Release|Any CPU.ActiveCfg = Release|Any CPU
		{372EF1A2-DF2C-4140-A006-C5DFC8926838}.Release|Any CPU.Build.0 = Release|Any CPU
		{7AB31767-D5DC-4FAD-98F3-42632B4049B8}.Debug|Any CPU.ActiveCfg = Debug|Any CPU
		{7AB31767-D5DC-4FAD-98F3-42632B4049B8}.Debug|Any CPU.Build.0 = Debug|Any CPU
		{7AB31767-D5DC-4FAD-98F3-42632B4049B8}.Release|Any CPU.ActiveCfg = Release|Any CPU
		{7AB31767-D5DC-4FAD-98F3-42632B4049B8}.Release|Any CPU.Build.0 = Release|Any CPU
		{97B94EFC-3AF4-4BF5-A780-D4C356EA4EAF}.Debug|Any CPU.ActiveCfg = Debug|Any CPU
		{97B94EFC-3AF4-4BF5-A780-D4C356EA4EAF}.Debug|Any CPU.Build.0 = Debug|Any CPU
		{97B94EFC-3AF4-4BF5-A780-D4C356EA4EAF}.Debug|Any CPU.Deploy.0 = Debug|Any CPU
		{97B94EFC-3AF4-4BF5-A780-D4C356EA4EAF}.Release|Any CPU.ActiveCfg = Release|Any CPU
		{97B94EFC-3AF4-4BF5-A780-D4C356EA4EAF}.Release|Any CPU.Build.0 = Release|Any CPU
		{97B94EFC-3AF4-4BF5-A780-D4C356EA4EAF}.Release|Any CPU.Deploy.0 = Release|Any CPU
		{4624973E-4B1A-440C-B544-715B1D94FCA6}.Debug|Any CPU.ActiveCfg = Debug|Any CPU
		{4624973E-4B1A-440C-B544-715B1D94FCA6}.Debug|Any CPU.Build.0 = Debug|Any CPU
		{4624973E-4B1A-440C-B544-715B1D94FCA6}.Debug|Any CPU.Deploy.0 = Debug|Any CPU
		{4624973E-4B1A-440C-B544-715B1D94FCA6}.Release|Any CPU.ActiveCfg = Release|Any CPU
		{4624973E-4B1A-440C-B544-715B1D94FCA6}.Release|Any CPU.Build.0 = Release|Any CPU
		{4624973E-4B1A-440C-B544-715B1D94FCA6}.Release|Any CPU.Deploy.0 = Release|Any CPU
		{697F0DD1-554C-44E5-8A38-ADDF7804ED13}.Debug|Any CPU.ActiveCfg = Debug|Any CPU
		{697F0DD1-554C-44E5-8A38-ADDF7804ED13}.Debug|Any CPU.Build.0 = Debug|Any CPU
		{697F0DD1-554C-44E5-8A38-ADDF7804ED13}.Release|Any CPU.ActiveCfg = Release|Any CPU
		{697F0DD1-554C-44E5-8A38-ADDF7804ED13}.Release|Any CPU.Build.0 = Release|Any CPU
		{6C631FCF-23CC-4BD0-9245-3E2080421F62}.Debug|Any CPU.ActiveCfg = Debug|Any CPU
		{6C631FCF-23CC-4BD0-9245-3E2080421F62}.Debug|Any CPU.Build.0 = Debug|Any CPU
		{6C631FCF-23CC-4BD0-9245-3E2080421F62}.Release|Any CPU.ActiveCfg = Release|Any CPU
		{6C631FCF-23CC-4BD0-9245-3E2080421F62}.Release|Any CPU.Build.0 = Release|Any CPU
	EndGlobalSection
	GlobalSection(SolutionProperties) = preSolution
		HideSolutionNode = FALSE
	EndGlobalSection
EndGlobal
