
Microsoft Visual Studio Solution File, Format Version 12.00
# Visual Studio 2013
VisualStudioVersion = 12.0.31101.0
MinimumVisualStudioVersion = 10.0.40219.1
Project("{FAE04EC0-301F-11D3-BF4B-00C04F79EFBC}") = "Core", "Core\Core.csproj", "{B8CF252F-2FBC-4D35-90A9-C0ADF2B0B9E0}"
EndProject
Project("{FAE04EC0-301F-11D3-BF4B-00C04F79EFBC}") = "Authenticator", "Authenticator\Authenticator.csproj", "{031FDC5B-A885-4FD2-B9D8-F086DFFAE632}"
EndProject
Project("{FAE04EC0-301F-11D3-BF4B-00C04F79EFBC}") = "DbInit", "DbInit\DbInit.csproj", "{FD88AC1C-A7F6-4465-B0D7-CEF61B3970BC}"
EndProject
Project("{FAE04EC0-301F-11D3-BF4B-00C04F79EFBC}") = "Database", "Database\Database.csproj", "{9821A7A5-8136-4863-AB09-BD5C7E1A6606}"
EndProject
Project("{FAE04EC0-301F-11D3-BF4B-00C04F79EFBC}") = "Launcher", "Launcher\Launcher.csproj", "{777E4130-60E0-4267-891C-2B9FD0BDC754}"
EndProject
Project("{2150E333-8FDC-42A3-9474-1A3956D46DE8}") = "Solution Items", "Solution Items", "{C27DF27A-1B5E-48C2-8CE6-D10F0EA61E2B}"
	ProjectSection(SolutionItems) = preProject
		.gitattributes = .gitattributes
		.gitignore = .gitignore
		LICENSE.md = LICENSE.md
		README.md = README.md
	EndProjectSection
EndProject
Project("{FAE04EC0-301F-11D3-BF4B-00C04F79EFBC}") = "CoreTest", "CoreTest\CoreTest.csproj", "{BBBCA3E5-31A9-48E8-A501-5DFD00B62F45}"
EndProject
Project("{FAE04EC0-301F-11D3-BF4B-00C04F79EFBC}") = "Overmind", "Overmind\Overmind.csproj", "{E566004A-2F53-4541-A336-BCA5B05D63FB}"
EndProject
Project("{FAE04EC0-301F-11D3-BF4B-00C04F79EFBC}") = "Manager", "Manager\Manager.csproj", "{38B0390A-4936-43A0-A2E4-08E404182055}"
EndProject
Project("{FAE04EC0-301F-11D3-BF4B-00C04F79EFBC}") = "Chat", "Chat\Chat.csproj", "{CD87D3EF-BD14-41E2-A909-D90405E9F636}"
EndProject
Global
	GlobalSection(SolutionConfigurationPlatforms) = preSolution
		Debug|Any CPU = Debug|Any CPU
		Release|Any CPU = Release|Any CPU
	EndGlobalSection
	GlobalSection(ProjectConfigurationPlatforms) = postSolution
		{B8CF252F-2FBC-4D35-90A9-C0ADF2B0B9E0}.Debug|Any CPU.ActiveCfg = Debug|Any CPU
		{B8CF252F-2FBC-4D35-90A9-C0ADF2B0B9E0}.Debug|Any CPU.Build.0 = Debug|Any CPU
		{B8CF252F-2FBC-4D35-90A9-C0ADF2B0B9E0}.Release|Any CPU.ActiveCfg = Release|Any CPU
		{B8CF252F-2FBC-4D35-90A9-C0ADF2B0B9E0}.Release|Any CPU.Build.0 = Release|Any CPU
		{031FDC5B-A885-4FD2-B9D8-F086DFFAE632}.Debug|Any CPU.ActiveCfg = Debug|Any CPU
		{031FDC5B-A885-4FD2-B9D8-F086DFFAE632}.Debug|Any CPU.Build.0 = Debug|Any CPU
		{031FDC5B-A885-4FD2-B9D8-F086DFFAE632}.Release|Any CPU.ActiveCfg = Release|Any CPU
		{031FDC5B-A885-4FD2-B9D8-F086DFFAE632}.Release|Any CPU.Build.0 = Release|Any CPU
		{FD88AC1C-A7F6-4465-B0D7-CEF61B3970BC}.Debug|Any CPU.ActiveCfg = Debug|Any CPU
		{FD88AC1C-A7F6-4465-B0D7-CEF61B3970BC}.Debug|Any CPU.Build.0 = Debug|Any CPU
		{FD88AC1C-A7F6-4465-B0D7-CEF61B3970BC}.Release|Any CPU.ActiveCfg = Release|Any CPU
		{FD88AC1C-A7F6-4465-B0D7-CEF61B3970BC}.Release|Any CPU.Build.0 = Release|Any CPU
		{9821A7A5-8136-4863-AB09-BD5C7E1A6606}.Debug|Any CPU.ActiveCfg = Debug|Any CPU
		{9821A7A5-8136-4863-AB09-BD5C7E1A6606}.Debug|Any CPU.Build.0 = Debug|Any CPU
		{9821A7A5-8136-4863-AB09-BD5C7E1A6606}.Release|Any CPU.ActiveCfg = Release|Any CPU
		{9821A7A5-8136-4863-AB09-BD5C7E1A6606}.Release|Any CPU.Build.0 = Release|Any CPU
		{777E4130-60E0-4267-891C-2B9FD0BDC754}.Debug|Any CPU.ActiveCfg = Debug|Any CPU
		{777E4130-60E0-4267-891C-2B9FD0BDC754}.Debug|Any CPU.Build.0 = Debug|Any CPU
		{777E4130-60E0-4267-891C-2B9FD0BDC754}.Release|Any CPU.ActiveCfg = Release|Any CPU
		{777E4130-60E0-4267-891C-2B9FD0BDC754}.Release|Any CPU.Build.0 = Release|Any CPU
		{BBBCA3E5-31A9-48E8-A501-5DFD00B62F45}.Debug|Any CPU.ActiveCfg = Debug|Any CPU
		{BBBCA3E5-31A9-48E8-A501-5DFD00B62F45}.Debug|Any CPU.Build.0 = Debug|Any CPU
		{BBBCA3E5-31A9-48E8-A501-5DFD00B62F45}.Release|Any CPU.ActiveCfg = Release|Any CPU
		{BBBCA3E5-31A9-48E8-A501-5DFD00B62F45}.Release|Any CPU.Build.0 = Release|Any CPU
		{E566004A-2F53-4541-A336-BCA5B05D63FB}.Debug|Any CPU.ActiveCfg = Debug|Any CPU
		{E566004A-2F53-4541-A336-BCA5B05D63FB}.Debug|Any CPU.Build.0 = Debug|Any CPU
		{E566004A-2F53-4541-A336-BCA5B05D63FB}.Release|Any CPU.ActiveCfg = Release|Any CPU
		{E566004A-2F53-4541-A336-BCA5B05D63FB}.Release|Any CPU.Build.0 = Release|Any CPU
		{38B0390A-4936-43A0-A2E4-08E404182055}.Debug|Any CPU.ActiveCfg = Debug|Any CPU
		{38B0390A-4936-43A0-A2E4-08E404182055}.Debug|Any CPU.Build.0 = Debug|Any CPU
		{38B0390A-4936-43A0-A2E4-08E404182055}.Release|Any CPU.ActiveCfg = Release|Any CPU
		{38B0390A-4936-43A0-A2E4-08E404182055}.Release|Any CPU.Build.0 = Release|Any CPU
		{CD87D3EF-BD14-41E2-A909-D90405E9F636}.Debug|Any CPU.ActiveCfg = Debug|Any CPU
		{CD87D3EF-BD14-41E2-A909-D90405E9F636}.Debug|Any CPU.Build.0 = Debug|Any CPU
		{CD87D3EF-BD14-41E2-A909-D90405E9F636}.Release|Any CPU.ActiveCfg = Release|Any CPU
		{CD87D3EF-BD14-41E2-A909-D90405E9F636}.Release|Any CPU.Build.0 = Release|Any CPU
	EndGlobalSection
	GlobalSection(SolutionProperties) = preSolution
		HideSolutionNode = FALSE
	EndGlobalSection
EndGlobal
